// !$*UTF8*$!
{
	archiveVersion = 1;
	classes = {
	};
	objectVersion = 56;
	objects = {

/* Begin PBXBuildFile section */
		6D6CCD642A83AC97009CEC54 /* TitleTableViewCell.swift in Sources */ = {isa = PBXBuildFile; fileRef = 6D6CCD632A83AC97009CEC54 /* TitleTableViewCell.swift */; };
		6D6CCD662A83B44A009CEC54 /* TitleViewModel.swift in Sources */ = {isa = PBXBuildFile; fileRef = 6D6CCD652A83B44A009CEC54 /* TitleViewModel.swift */; };
		6D6CCD682A83F327009CEC54 /* SearchResultsViewController.swift in Sources */ = {isa = PBXBuildFile; fileRef = 6D6CCD672A83F327009CEC54 /* SearchResultsViewController.swift */; };
		6D6CCD6C2A84F8DC009CEC54 /* YoutubeSearchResponse.swift in Sources */ = {isa = PBXBuildFile; fileRef = 6D6CCD6B2A84F8DC009CEC54 /* YoutubeSearchResponse.swift */; };
		6D6CCD6E2A84FE23009CEC54 /* TitlePreviewViewController.swift in Sources */ = {isa = PBXBuildFile; fileRef = 6D6CCD6D2A84FE22009CEC54 /* TitlePreviewViewController.swift */; };
		6D6CCD702A8501E5009CEC54 /* TitlePreviewViewModel.swift in Sources */ = {isa = PBXBuildFile; fileRef = 6D6CCD6F2A8501E5009CEC54 /* TitlePreviewViewModel.swift */; };
		6D6CCD962A86B8B2009CEC54 /* NetflixCloneModel.xcdatamodeld in Sources */ = {isa = PBXBuildFile; fileRef = 6D6CCD942A86B8B2009CEC54 /* NetflixCloneModel.xcdatamodeld */; };
		6D6CCD982A86BCF8009CEC54 /* DataPersistenceManager.swift in Sources */ = {isa = PBXBuildFile; fileRef = 6D6CCD972A86BCF8009CEC54 /* DataPersistenceManager.swift */; };
		6DA2524F2A7FAE0F00BD1B7B /* AppDelegate.swift in Sources */ = {isa = PBXBuildFile; fileRef = 6DA2524E2A7FAE0F00BD1B7B /* AppDelegate.swift */; };
		6DA252512A7FAE0F00BD1B7B /* SceneDelegate.swift in Sources */ = {isa = PBXBuildFile; fileRef = 6DA252502A7FAE0F00BD1B7B /* SceneDelegate.swift */; };
		6DA252532A7FAE0F00BD1B7B /* MainTabBarViewController.swift in Sources */ = {isa = PBXBuildFile; fileRef = 6DA252522A7FAE0F00BD1B7B /* MainTabBarViewController.swift */; };
		6DA252582A7FAE1000BD1B7B /* Assets.xcassets in Resources */ = {isa = PBXBuildFile; fileRef = 6DA252572A7FAE1000BD1B7B /* Assets.xcassets */; };
		6DA2525B2A7FAE1000BD1B7B /* LaunchScreen.storyboard in Resources */ = {isa = PBXBuildFile; fileRef = 6DA252592A7FAE1000BD1B7B /* LaunchScreen.storyboard */; };
		6DA252642A7FB1D300BD1B7B /* HomeViewController.swift in Sources */ = {isa = PBXBuildFile; fileRef = 6DA252632A7FB1D300BD1B7B /* HomeViewController.swift */; };
		6DA252662A7FB28000BD1B7B /* UpcomingViewController.swift in Sources */ = {isa = PBXBuildFile; fileRef = 6DA252652A7FB28000BD1B7B /* UpcomingViewController.swift */; };
		6DA252682A7FB39600BD1B7B /* SearchViewController.swift in Sources */ = {isa = PBXBuildFile; fileRef = 6DA252672A7FB39600BD1B7B /* SearchViewController.swift */; };
		6DA2526A2A7FB3E400BD1B7B /* DownloadsViewController.swift in Sources */ = {isa = PBXBuildFile; fileRef = 6DA252692A7FB3E400BD1B7B /* DownloadsViewController.swift */; };
		6DA252712A7FC9DF00BD1B7B /* CollectionViewTableViewCell.swift in Sources */ = {isa = PBXBuildFile; fileRef = 6DA252702A7FC9DF00BD1B7B /* CollectionViewTableViewCell.swift */; };
		6DA252732A7FD8D500BD1B7B /* TopHeaderUIView.swift in Sources */ = {isa = PBXBuildFile; fileRef = 6DA252722A7FD8D500BD1B7B /* TopHeaderUIView.swift */; };
		6DA252752A81177D00BD1B7B /* APICaller.swift in Sources */ = {isa = PBXBuildFile; fileRef = 6DA252742A81177D00BD1B7B /* APICaller.swift */; };
		6DA252772A811FC800BD1B7B /* Title.swift in Sources */ = {isa = PBXBuildFile; fileRef = 6DA252762A811FC800BD1B7B /* Title.swift */; };
		6DA252792A81319900BD1B7B /* Extensions.swift in Sources */ = {isa = PBXBuildFile; fileRef = 6DA252782A81319900BD1B7B /* Extensions.swift */; };
		6DA2527D2A824D6700BD1B7B /* TitleCollectionViewCell.swift in Sources */ = {isa = PBXBuildFile; fileRef = 6DA2527C2A824D6700BD1B7B /* TitleCollectionViewCell.swift */; };
		6DA252802A824FA300BD1B7B /* SDWebImage in Frameworks */ = {isa = PBXBuildFile; productRef = 6DA2527F2A824FA300BD1B7B /* SDWebImage */; };
		6DA252822A824FA300BD1B7B /* SDWebImageMapKit in Frameworks */ = {isa = PBXBuildFile; productRef = 6DA252812A824FA300BD1B7B /* SDWebImageMapKit */; };
/* End PBXBuildFile section */

/* Begin PBXFileReference section */
		6D6CCD632A83AC97009CEC54 /* TitleTableViewCell.swift */ = {isa = PBXFileReference; lastKnownFileType = sourcecode.swift; path = TitleTableViewCell.swift; sourceTree = "<group>"; };
		6D6CCD652A83B44A009CEC54 /* TitleViewModel.swift */ = {isa = PBXFileReference; lastKnownFileType = sourcecode.swift; path = TitleViewModel.swift; sourceTree = "<group>"; };
		6D6CCD672A83F327009CEC54 /* SearchResultsViewController.swift */ = {isa = PBXFileReference; lastKnownFileType = sourcecode.swift; path = SearchResultsViewController.swift; sourceTree = "<group>"; };
		6D6CCD6B2A84F8DC009CEC54 /* YoutubeSearchResponse.swift */ = {isa = PBXFileReference; lastKnownFileType = sourcecode.swift; path = YoutubeSearchResponse.swift; sourceTree = "<group>"; };
		6D6CCD6D2A84FE22009CEC54 /* TitlePreviewViewController.swift */ = {isa = PBXFileReference; lastKnownFileType = sourcecode.swift; path = TitlePreviewViewController.swift; sourceTree = "<group>"; };
		6D6CCD6F2A8501E5009CEC54 /* TitlePreviewViewModel.swift */ = {isa = PBXFileReference; lastKnownFileType = sourcecode.swift; path = TitlePreviewViewModel.swift; sourceTree = "<group>"; };
		6D6CCD952A86B8B2009CEC54 /* NetflixCloneModel.xcdatamodel */ = {isa = PBXFileReference; lastKnownFileType = wrapper.xcdatamodel; path = NetflixCloneModel.xcdatamodel; sourceTree = "<group>"; };
		6D6CCD972A86BCF8009CEC54 /* DataPersistenceManager.swift */ = {isa = PBXFileReference; lastKnownFileType = sourcecode.swift; path = DataPersistenceManager.swift; sourceTree = "<group>"; };
		6DA2524B2A7FAE0F00BD1B7B /* Netflix Clone.app */ = {isa = PBXFileReference; explicitFileType = wrapper.application; includeInIndex = 0; path = "Netflix Clone.app"; sourceTree = BUILT_PRODUCTS_DIR; };
		6DA2524E2A7FAE0F00BD1B7B /* AppDelegate.swift */ = {isa = PBXFileReference; lastKnownFileType = sourcecode.swift; path = AppDelegate.swift; sourceTree = "<group>"; };
		6DA252502A7FAE0F00BD1B7B /* SceneDelegate.swift */ = {isa = PBXFileReference; lastKnownFileType = sourcecode.swift; path = SceneDelegate.swift; sourceTree = "<group>"; };
		6DA252522A7FAE0F00BD1B7B /* MainTabBarViewController.swift */ = {isa = PBXFileReference; lastKnownFileType = sourcecode.swift; path = MainTabBarViewController.swift; sourceTree = "<group>"; };
		6DA252572A7FAE1000BD1B7B /* Assets.xcassets */ = {isa = PBXFileReference; lastKnownFileType = folder.assetcatalog; path = Assets.xcassets; sourceTree = "<group>"; };
		6DA2525A2A7FAE1000BD1B7B /* Base */ = {isa = PBXFileReference; lastKnownFileType = file.storyboard; name = Base; path = Base.lproj/LaunchScreen.storyboard; sourceTree = "<group>"; };
		6DA2525C2A7FAE1000BD1B7B /* Info.plist */ = {isa = PBXFileReference; lastKnownFileType = text.plist.xml; path = Info.plist; sourceTree = "<group>"; };
		6DA252632A7FB1D300BD1B7B /* HomeViewController.swift */ = {isa = PBXFileReference; lastKnownFileType = sourcecode.swift; path = HomeViewController.swift; sourceTree = "<group>"; };
		6DA252652A7FB28000BD1B7B /* UpcomingViewController.swift */ = {isa = PBXFileReference; lastKnownFileType = sourcecode.swift; path = UpcomingViewController.swift; sourceTree = "<group>"; };
		6DA252672A7FB39600BD1B7B /* SearchViewController.swift */ = {isa = PBXFileReference; lastKnownFileType = sourcecode.swift; path = SearchViewController.swift; sourceTree = "<group>"; };
		6DA252692A7FB3E400BD1B7B /* DownloadsViewController.swift */ = {isa = PBXFileReference; lastKnownFileType = sourcecode.swift; path = DownloadsViewController.swift; sourceTree = "<group>"; };
		6DA252702A7FC9DF00BD1B7B /* CollectionViewTableViewCell.swift */ = {isa = PBXFileReference; lastKnownFileType = sourcecode.swift; path = CollectionViewTableViewCell.swift; sourceTree = "<group>"; };
		6DA252722A7FD8D500BD1B7B /* TopHeaderUIView.swift */ = {isa = PBXFileReference; lastKnownFileType = sourcecode.swift; path = TopHeaderUIView.swift; sourceTree = "<group>"; };
		6DA252742A81177D00BD1B7B /* APICaller.swift */ = {isa = PBXFileReference; lastKnownFileType = sourcecode.swift; path = APICaller.swift; sourceTree = "<group>"; };
		6DA252762A811FC800BD1B7B /* Title.swift */ = {isa = PBXFileReference; lastKnownFileType = sourcecode.swift; path = Title.swift; sourceTree = "<group>"; };
		6DA252782A81319900BD1B7B /* Extensions.swift */ = {isa = PBXFileReference; lastKnownFileType = sourcecode.swift; path = Extensions.swift; sourceTree = "<group>"; };
		6DA2527C2A824D6700BD1B7B /* TitleCollectionViewCell.swift */ = {isa = PBXFileReference; lastKnownFileType = sourcecode.swift; path = TitleCollectionViewCell.swift; sourceTree = "<group>"; };
/* End PBXFileReference section */

/* Begin PBXFrameworksBuildPhase section */
		6DA252482A7FAE0F00BD1B7B /* Frameworks */ = {
			isa = PBXFrameworksBuildPhase;
			buildActionMask = 2147483647;
			files = (
				6DA252822A824FA300BD1B7B /* SDWebImageMapKit in Frameworks */,
				6DA252802A824FA300BD1B7B /* SDWebImage in Frameworks */,
			);
			runOnlyForDeploymentPostprocessing = 0;
		};
/* End PBXFrameworksBuildPhase section */

/* Begin PBXGroup section */
		6D6CCD692A83F386009CEC54 /* Core */ = {
			isa = PBXGroup;
			children = (
				6DA252522A7FAE0F00BD1B7B /* MainTabBarViewController.swift */,
				6DA252632A7FB1D300BD1B7B /* HomeViewController.swift */,
				6DA252652A7FB28000BD1B7B /* UpcomingViewController.swift */,
				6DA252672A7FB39600BD1B7B /* SearchViewController.swift */,
				6DA252692A7FB3E400BD1B7B /* DownloadsViewController.swift */,
			);
			path = Core;
			sourceTree = "<group>";
		};
		6D6CCD6A2A83F3BB009CEC54 /* General */ = {
			isa = PBXGroup;
			children = (
				6D6CCD672A83F327009CEC54 /* SearchResultsViewController.swift */,
				6D6CCD6D2A84FE22009CEC54 /* TitlePreviewViewController.swift */,
			);
			path = General;
			sourceTree = "<group>";
		};
		6DA252422A7FAE0F00BD1B7B = {
			isa = PBXGroup;
			children = (
				6DA2524D2A7FAE0F00BD1B7B /* Netflix Clone */,
				6DA2524C2A7FAE0F00BD1B7B /* Products */,
			);
			sourceTree = "<group>";
		};
		6DA2524C2A7FAE0F00BD1B7B /* Products */ = {
			isa = PBXGroup;
			children = (
				6DA2524B2A7FAE0F00BD1B7B /* Netflix Clone.app */,
			);
			name = Products;
			sourceTree = "<group>";
		};
		6DA2524D2A7FAE0F00BD1B7B /* Netflix Clone */ = {
			isa = PBXGroup;
			children = (
				6DA2526F2A7FC55C00BD1B7B /* Managers */,
				6DA2526E2A7FC55600BD1B7B /* Resources */,
				6DA2526D2A7FC52400BD1B7B /* Models */,
				6DA2526B2A7FC4FF00BD1B7B /* Views */,
				6DA2526C2A7FC50600BD1B7B /* ViewModels */,
				6DA252622A7FB18200BD1B7B /* Controllers */,
				6DA2524E2A7FAE0F00BD1B7B /* AppDelegate.swift */,
				6DA252502A7FAE0F00BD1B7B /* SceneDelegate.swift */,
				6DA252572A7FAE1000BD1B7B /* Assets.xcassets */,
				6DA252592A7FAE1000BD1B7B /* LaunchScreen.storyboard */,
				6DA2525C2A7FAE1000BD1B7B /* Info.plist */,
				6D6CCD942A86B8B2009CEC54 /* NetflixCloneModel.xcdatamodeld */,
			);
			path = "Netflix Clone";
			sourceTree = "<group>";
		};
		6DA252622A7FB18200BD1B7B /* Controllers */ = {
			isa = PBXGroup;
			children = (
				6D6CCD6A2A83F3BB009CEC54 /* General */,
				6D6CCD692A83F386009CEC54 /* Core */,
			);
			path = Controllers;
			sourceTree = "<group>";
		};
		6DA2526B2A7FC4FF00BD1B7B /* Views */ = {
			isa = PBXGroup;
			children = (
				6DA252702A7FC9DF00BD1B7B /* CollectionViewTableViewCell.swift */,
				6DA252722A7FD8D500BD1B7B /* TopHeaderUIView.swift */,
				6DA2527C2A824D6700BD1B7B /* TitleCollectionViewCell.swift */,
				6D6CCD632A83AC97009CEC54 /* TitleTableViewCell.swift */,
			);
			path = Views;
			sourceTree = "<group>";
		};
		6DA2526C2A7FC50600BD1B7B /* ViewModels */ = {
			isa = PBXGroup;
			children = (
				6D6CCD652A83B44A009CEC54 /* TitleViewModel.swift */,
				6D6CCD6F2A8501E5009CEC54 /* TitlePreviewViewModel.swift */,
			);
			path = ViewModels;
			sourceTree = "<group>";
		};
		6DA2526D2A7FC52400BD1B7B /* Models */ = {
			isa = PBXGroup;
			children = (
				6DA252762A811FC800BD1B7B /* Title.swift */,
				6D6CCD6B2A84F8DC009CEC54 /* YoutubeSearchResponse.swift */,
			);
			path = Models;
			sourceTree = "<group>";
		};
		6DA2526E2A7FC55600BD1B7B /* Resources */ = {
			isa = PBXGroup;
			children = (
				6DA252782A81319900BD1B7B /* Extensions.swift */,
			);
			path = Resources;
			sourceTree = "<group>";
		};
		6DA2526F2A7FC55C00BD1B7B /* Managers */ = {
			isa = PBXGroup;
			children = (
				6DA252742A81177D00BD1B7B /* APICaller.swift */,
				6D6CCD972A86BCF8009CEC54 /* DataPersistenceManager.swift */,
			);
			path = Managers;
			sourceTree = "<group>";
		};
/* End PBXGroup section */

/* Begin PBXNativeTarget section */
		6DA2524A2A7FAE0F00BD1B7B /* Netflix Clone */ = {
			isa = PBXNativeTarget;
			buildConfigurationList = 6DA2525F2A7FAE1000BD1B7B /* Build configuration list for PBXNativeTarget "Netflix Clone" */;
			buildPhases = (
				6DA252472A7FAE0F00BD1B7B /* Sources */,
				6DA252482A7FAE0F00BD1B7B /* Frameworks */,
				6DA252492A7FAE0F00BD1B7B /* Resources */,
			);
			buildRules = (
			);
			dependencies = (
			);
			name = "Netflix Clone";
			packageProductDependencies = (
				6DA2527F2A824FA300BD1B7B /* SDWebImage */,
				6DA252812A824FA300BD1B7B /* SDWebImageMapKit */,
			);
			productName = "Netflix Clone";
			productReference = 6DA2524B2A7FAE0F00BD1B7B /* Netflix Clone.app */;
			productType = "com.apple.product-type.application";
		};
/* End PBXNativeTarget section */

/* Begin PBXProject section */
		6DA252432A7FAE0F00BD1B7B /* Project object */ = {
			isa = PBXProject;
			attributes = {
				BuildIndependentTargetsInParallel = 1;
				LastSwiftUpdateCheck = 1430;
				LastUpgradeCheck = 1430;
				TargetAttributes = {
					6DA2524A2A7FAE0F00BD1B7B = {
						CreatedOnToolsVersion = 14.3.1;
					};
				};
			};
			buildConfigurationList = 6DA252462A7FAE0F00BD1B7B /* Build configuration list for PBXProject "Netflix Clone" */;
			compatibilityVersion = "Xcode 14.0";
			developmentRegion = en;
			hasScannedForEncodings = 0;
			knownRegions = (
				en,
				Base,
			);
			mainGroup = 6DA252422A7FAE0F00BD1B7B;
			packageReferences = (
				6DA2527E2A824FA300BD1B7B /* XCRemoteSwiftPackageReference "SDWebImage" */,
			);
			productRefGroup = 6DA2524C2A7FAE0F00BD1B7B /* Products */;
			projectDirPath = "";
			projectRoot = "";
			targets = (
				6DA2524A2A7FAE0F00BD1B7B /* Netflix Clone */,
			);
		};
/* End PBXProject section */

/* Begin PBXResourcesBuildPhase section */
		6DA252492A7FAE0F00BD1B7B /* Resources */ = {
			isa = PBXResourcesBuildPhase;
			buildActionMask = 2147483647;
			files = (
				6DA2525B2A7FAE1000BD1B7B /* LaunchScreen.storyboard in Resources */,
				6DA252582A7FAE1000BD1B7B /* Assets.xcassets in Resources */,
			);
			runOnlyForDeploymentPostprocessing = 0;
		};
/* End PBXResourcesBuildPhase section */

/* Begin PBXSourcesBuildPhase section */
		6DA252472A7FAE0F00BD1B7B /* Sources */ = {
			isa = PBXSourcesBuildPhase;
			buildActionMask = 2147483647;
			files = (
				6D6CCD642A83AC97009CEC54 /* TitleTableViewCell.swift in Sources */,
				6DA252732A7FD8D500BD1B7B /* TopHeaderUIView.swift in Sources */,
				6DA2527D2A824D6700BD1B7B /* TitleCollectionViewCell.swift in Sources */,
				6D6CCD982A86BCF8009CEC54 /* DataPersistenceManager.swift in Sources */,
				6DA252682A7FB39600BD1B7B /* SearchViewController.swift in Sources */,
				6DA252532A7FAE0F00BD1B7B /* MainTabBarViewController.swift in Sources */,
				6DA252752A81177D00BD1B7B /* APICaller.swift in Sources */,
				6D6CCD962A86B8B2009CEC54 /* NetflixCloneModel.xcdatamodeld in Sources */,
				6DA252712A7FC9DF00BD1B7B /* CollectionViewTableViewCell.swift in Sources */,
				6DA2526A2A7FB3E400BD1B7B /* DownloadsViewController.swift in Sources */,
				6DA2524F2A7FAE0F00BD1B7B /* AppDelegate.swift in Sources */,
				6D6CCD682A83F327009CEC54 /* SearchResultsViewController.swift in Sources */,
				6DA252792A81319900BD1B7B /* Extensions.swift in Sources */,
				6D6CCD6C2A84F8DC009CEC54 /* YoutubeSearchResponse.swift in Sources */,
				6DA252512A7FAE0F00BD1B7B /* SceneDelegate.swift in Sources */,
				6D6CCD702A8501E5009CEC54 /* TitlePreviewViewModel.swift in Sources */,
				6DA252662A7FB28000BD1B7B /* UpcomingViewController.swift in Sources */,
				6D6CCD6E2A84FE23009CEC54 /* TitlePreviewViewController.swift in Sources */,
				6DA252772A811FC800BD1B7B /* Title.swift in Sources */,
				6DA252642A7FB1D300BD1B7B /* HomeViewController.swift in Sources */,
				6D6CCD662A83B44A009CEC54 /* TitleViewModel.swift in Sources */,
			);
			runOnlyForDeploymentPostprocessing = 0;
		};
/* End PBXSourcesBuildPhase section */

/* Begin PBXVariantGroup section */
		6DA252592A7FAE1000BD1B7B /* LaunchScreen.storyboard */ = {
			isa = PBXVariantGroup;
			children = (
				6DA2525A2A7FAE1000BD1B7B /* Base */,
			);
			name = LaunchScreen.storyboard;
			sourceTree = "<group>";
		};
/* End PBXVariantGroup section */

/* Begin XCBuildConfiguration section */
		6DA2525D2A7FAE1000BD1B7B /* Debug */ = {
			isa = XCBuildConfiguration;
			buildSettings = {
				ALWAYS_SEARCH_USER_PATHS = NO;
				CLANG_ANALYZER_NONNULL = YES;
				CLANG_ANALYZER_NUMBER_OBJECT_CONVERSION = YES_AGGRESSIVE;
				CLANG_CXX_LANGUAGE_STANDARD = "gnu++20";
				CLANG_ENABLE_MODULES = YES;
				CLANG_ENABLE_OBJC_ARC = YES;
				CLANG_ENABLE_OBJC_WEAK = YES;
				CLANG_WARN_BLOCK_CAPTURE_AUTORELEASING = YES;
				CLANG_WARN_BOOL_CONVERSION = YES;
				CLANG_WARN_COMMA = YES;
				CLANG_WARN_CONSTANT_CONVERSION = YES;
				CLANG_WARN_DEPRECATED_OBJC_IMPLEMENTATIONS = YES;
				CLANG_WARN_DIRECT_OBJC_ISA_USAGE = YES_ERROR;
				CLANG_WARN_DOCUMENTATION_COMMENTS = YES;
				CLANG_WARN_EMPTY_BODY = YES;
				CLANG_WARN_ENUM_CONVERSION = YES;
				CLANG_WARN_INFINITE_RECURSION = YES;
				CLANG_WARN_INT_CONVERSION = YES;
				CLANG_WARN_NON_LITERAL_NULL_CONVERSION = YES;
				CLANG_WARN_OBJC_IMPLICIT_RETAIN_SELF = YES;
				CLANG_WARN_OBJC_LITERAL_CONVERSION = YES;
				CLANG_WARN_OBJC_ROOT_CLASS = YES_ERROR;
				CLANG_WARN_QUOTED_INCLUDE_IN_FRAMEWORK_HEADER = YES;
				CLANG_WARN_RANGE_LOOP_ANALYSIS = YES;
				CLANG_WARN_STRICT_PROTOTYPES = YES;
				CLANG_WARN_SUSPICIOUS_MOVE = YES;
				CLANG_WARN_UNGUARDED_AVAILABILITY = YES_AGGRESSIVE;
				CLANG_WARN_UNREACHABLE_CODE = YES;
				CLANG_WARN__DUPLICATE_METHOD_MATCH = YES;
				COPY_PHASE_STRIP = NO;
				DEBUG_INFORMATION_FORMAT = dwarf;
				ENABLE_STRICT_OBJC_MSGSEND = YES;
				ENABLE_TESTABILITY = YES;
				GCC_C_LANGUAGE_STANDARD = gnu11;
				GCC_DYNAMIC_NO_PIC = NO;
				GCC_NO_COMMON_BLOCKS = YES;
				GCC_OPTIMIZATION_LEVEL = 0;
				GCC_PREPROCESSOR_DEFINITIONS = (
					"DEBUG=1",
					"$(inherited)",
				);
				GCC_WARN_64_TO_32_BIT_CONVERSION = YES;
				GCC_WARN_ABOUT_RETURN_TYPE = YES_ERROR;
				GCC_WARN_UNDECLARED_SELECTOR = YES;
				GCC_WARN_UNINITIALIZED_AUTOS = YES_AGGRESSIVE;
				GCC_WARN_UNUSED_FUNCTION = YES;
				GCC_WARN_UNUSED_VARIABLE = YES;
				IPHONEOS_DEPLOYMENT_TARGET = 16.4;
				MTL_ENABLE_DEBUG_INFO = INCLUDE_SOURCE;
				MTL_FAST_MATH = YES;
				ONLY_ACTIVE_ARCH = YES;
				SDKROOT = iphoneos;
				SWIFT_ACTIVE_COMPILATION_CONDITIONS = DEBUG;
				SWIFT_OPTIMIZATION_LEVEL = "-Onone";
			};
			name = Debug;
		};
		6DA2525E2A7FAE1000BD1B7B /* Release */ = {
			isa = XCBuildConfiguration;
			buildSettings = {
				ALWAYS_SEARCH_USER_PATHS = NO;
				CLANG_ANALYZER_NONNULL = YES;
				CLANG_ANALYZER_NUMBER_OBJECT_CONVERSION = YES_AGGRESSIVE;
				CLANG_CXX_LANGUAGE_STANDARD = "gnu++20";
				CLANG_ENABLE_MODULES = YES;
				CLANG_ENABLE_OBJC_ARC = YES;
				CLANG_ENABLE_OBJC_WEAK = YES;
				CLANG_WARN_BLOCK_CAPTURE_AUTORELEASING = YES;
				CLANG_WARN_BOOL_CONVERSION = YES;
				CLANG_WARN_COMMA = YES;
				CLANG_WARN_CONSTANT_CONVERSION = YES;
				CLANG_WARN_DEPRECATED_OBJC_IMPLEMENTATIONS = YES;
				CLANG_WARN_DIRECT_OBJC_ISA_USAGE = YES_ERROR;
				CLANG_WARN_DOCUMENTATION_COMMENTS = YES;
				CLANG_WARN_EMPTY_BODY = YES;
				CLANG_WARN_ENUM_CONVERSION = YES;
				CLANG_WARN_INFINITE_RECURSION = YES;
				CLANG_WARN_INT_CONVERSION = YES;
				CLANG_WARN_NON_LITERAL_NULL_CONVERSION = YES;
				CLANG_WARN_OBJC_IMPLICIT_RETAIN_SELF = YES;
				CLANG_WARN_OBJC_LITERAL_CONVERSION = YES;
				CLANG_WARN_OBJC_ROOT_CLASS = YES_ERROR;
				CLANG_WARN_QUOTED_INCLUDE_IN_FRAMEWORK_HEADER = YES;
				CLANG_WARN_RANGE_LOOP_ANALYSIS = YES;
				CLANG_WARN_STRICT_PROTOTYPES = YES;
				CLANG_WARN_SUSPICIOUS_MOVE = YES;
				CLANG_WARN_UNGUARDED_AVAILABILITY = YES_AGGRESSIVE;
				CLANG_WARN_UNREACHABLE_CODE = YES;
				CLANG_WARN__DUPLICATE_METHOD_MATCH = YES;
				COPY_PHASE_STRIP = NO;
				DEBUG_INFORMATION_FORMAT = "dwarf-with-dsym";
				ENABLE_NS_ASSERTIONS = NO;
				ENABLE_STRICT_OBJC_MSGSEND = YES;
				GCC_C_LANGUAGE_STANDARD = gnu11;
				GCC_NO_COMMON_BLOCKS = YES;
				GCC_WARN_64_TO_32_BIT_CONVERSION = YES;
				GCC_WARN_ABOUT_RETURN_TYPE = YES_ERROR;
				GCC_WARN_UNDECLARED_SELECTOR = YES;
				GCC_WARN_UNINITIALIZED_AUTOS = YES_AGGRESSIVE;
				GCC_WARN_UNUSED_FUNCTION = YES;
				GCC_WARN_UNUSED_VARIABLE = YES;
				IPHONEOS_DEPLOYMENT_TARGET = 16.4;
				MTL_ENABLE_DEBUG_INFO = NO;
				MTL_FAST_MATH = YES;
				SDKROOT = iphoneos;
				SWIFT_COMPILATION_MODE = wholemodule;
				SWIFT_OPTIMIZATION_LEVEL = "-O";
				VALIDATE_PRODUCT = YES;
			};
			name = Release;
		};
		6DA252602A7FAE1000BD1B7B /* Debug */ = {
			isa = XCBuildConfiguration;
			buildSettings = {
				ASSETCATALOG_COMPILER_APPICON_NAME = AppIcon;
				ASSETCATALOG_COMPILER_GLOBAL_ACCENT_COLOR_NAME = AccentColor;
				CODE_SIGN_STYLE = Automatic;
				CURRENT_PROJECT_VERSION = 1;
				DEVELOPMENT_TEAM = URST8C6UL8;
				GENERATE_INFOPLIST_FILE = YES;
				INFOPLIST_FILE = "Netflix Clone/Info.plist";
				INFOPLIST_KEY_UIApplicationSupportsIndirectInputEvents = YES;
				INFOPLIST_KEY_UILaunchStoryboardName = LaunchScreen;
				INFOPLIST_KEY_UISupportedInterfaceOrientations_iPad = "UIInterfaceOrientationPortrait UIInterfaceOrientationPortraitUpsideDown UIInterfaceOrientationLandscapeLeft UIInterfaceOrientationLandscapeRight";
				INFOPLIST_KEY_UISupportedInterfaceOrientations_iPhone = "UIInterfaceOrientationPortrait UIInterfaceOrientationLandscapeLeft UIInterfaceOrientationLandscapeRight";
				LD_RUNPATH_SEARCH_PATHS = (
					"$(inherited)",
					"@executable_path/Frameworks",
				);
				MARKETING_VERSION = 1.0;
				PRODUCT_BUNDLE_IDENTIFIER = "rezzak.Netflix-Clone";
				PRODUCT_NAME = "$(TARGET_NAME)";
				SWIFT_EMIT_LOC_STRINGS = YES;
				SWIFT_VERSION = 5.0;
				TARGETED_DEVICE_FAMILY = "1,2";
			};
			name = Debug;
		};
		6DA252612A7FAE1000BD1B7B /* Release */ = {
			isa = XCBuildConfiguration;
			buildSettings = {
				ASSETCATALOG_COMPILER_APPICON_NAME = AppIcon;
				ASSETCATALOG_COMPILER_GLOBAL_ACCENT_COLOR_NAME = AccentColor;
				CODE_SIGN_STYLE = Automatic;
				CURRENT_PROJECT_VERSION = 1;
				DEVELOPMENT_TEAM = URST8C6UL8;
				GENERATE_INFOPLIST_FILE = YES;
				INFOPLIST_FILE = "Netflix Clone/Info.plist";
				INFOPLIST_KEY_UIApplicationSupportsIndirectInputEvents = YES;
				INFOPLIST_KEY_UILaunchStoryboardName = LaunchScreen;
				INFOPLIST_KEY_UISupportedInterfaceOrientations_iPad = "UIInterfaceOrientationPortrait UIInterfaceOrientationPortraitUpsideDown UIInterfaceOrientationLandscapeLeft UIInterfaceOrientationLandscapeRight";
				INFOPLIST_KEY_UISupportedInterfaceOrientations_iPhone = "UIInterfaceOrientationPortrait UIInterfaceOrientationLandscapeLeft UIInterfaceOrientationLandscapeRight";
				LD_RUNPATH_SEARCH_PATHS = (
					"$(inherited)",
					"@executable_path/Frameworks",
				);
				MARKETING_VERSION = 1.0;
				PRODUCT_BUNDLE_IDENTIFIER = "rezzak.Netflix-Clone";
				PRODUCT_NAME = "$(TARGET_NAME)";
				SWIFT_EMIT_LOC_STRINGS = YES;
				SWIFT_VERSION = 5.0;
				TARGETED_DEVICE_FAMILY = "1,2";
			};
			name = Release;
		};
/* End XCBuildConfiguration section */

/* Begin XCConfigurationList section */
		6DA252462A7FAE0F00BD1B7B /* Build configuration list for PBXProject "Netflix Clone" */ = {
			isa = XCConfigurationList;
			buildConfigurations = (
				6DA2525D2A7FAE1000BD1B7B /* Debug */,
				6DA2525E2A7FAE1000BD1B7B /* Release */,
			);
			defaultConfigurationIsVisible = 0;
			defaultConfigurationName = Release;
		};
		6DA2525F2A7FAE1000BD1B7B /* Build configuration list for PBXNativeTarget "Netflix Clone" */ = {
			isa = XCConfigurationList;
			buildConfigurations = (
				6DA252602A7FAE1000BD1B7B /* Debug */,
				6DA252612A7FAE1000BD1B7B /* Release */,
			);
			defaultConfigurationIsVisible = 0;
			defaultConfigurationName = Release;
		};
/* End XCConfigurationList section */

/* Begin XCRemoteSwiftPackageReference section */
		6DA2527E2A824FA300BD1B7B /* XCRemoteSwiftPackageReference "SDWebImage" */ = {
			isa = XCRemoteSwiftPackageReference;
			repositoryURL = "https://github.com/SDWebImage/SDWebImage.git";
			requirement = {
				kind = upToNextMajorVersion;
				minimumVersion = 5.0.0;
			};
		};
/* End XCRemoteSwiftPackageReference section */

/* Begin XCSwiftPackageProductDependency section */
		6DA2527F2A824FA300BD1B7B /* SDWebImage */ = {
			isa = XCSwiftPackageProductDependency;
			package = 6DA2527E2A824FA300BD1B7B /* XCRemoteSwiftPackageReference "SDWebImage" */;
			productName = SDWebImage;
		};
		6DA252812A824FA300BD1B7B /* SDWebImageMapKit */ = {
			isa = XCSwiftPackageProductDependency;
			package = 6DA2527E2A824FA300BD1B7B /* XCRemoteSwiftPackageReference "SDWebImage" */;
			productName = SDWebImageMapKit;
		};
/* End XCSwiftPackageProductDependency section */

/* Begin XCVersionGroup section */
		6D6CCD942A86B8B2009CEC54 /* NetflixCloneModel.xcdatamodeld */ = {
			isa = XCVersionGroup;
			children = (
				6D6CCD952A86B8B2009CEC54 /* NetflixCloneModel.xcdatamodel */,
			);
			currentVersion = 6D6CCD952A86B8B2009CEC54 /* NetflixCloneModel.xcdatamodel */;
			path = NetflixCloneModel.xcdatamodeld;
			sourceTree = "<group>";
			versionGroupType = wrapper.xcdatamodel;
		};
/* End XCVersionGroup section */
	};
	rootObject = 6DA252432A7FAE0F00BD1B7B /* Project object */;
}
